
Microsoft Visual Studio Solution File, Format Version 12.00
# Visual Studio Version 16
VisualStudioVersion = 16.0.30717.126
MinimumVisualStudioVersion = 10.0.40219.1
Project("{FAE04EC0-301F-11D3-BF4B-00C04F79EFBC}") = "FNV1A", "FNV1A\FNV1A.csproj", "{AACFEC31-0FD3-4292-A5D6-8B223A66801B}"
EndProject
Global
	GlobalSection(SolutionConfigurationPlatforms) = preSolution
		Debug|Any CPU = Debug|Any CPU
		Release|Any CPU = Release|Any CPU
	EndGlobalSection
	GlobalSection(ProjectConfigurationPlatforms) = postSolution
		{AACFEC31-0FD3-4292-A5D6-8B223A66801B}.Debug|Any CPU.ActiveCfg = Debug|Any CPU
		{AACFEC31-0FD3-4292-A5D6-8B223A66801B}.Debug|Any CPU.Build.0 = Debug|Any CPU
		{AACFEC31-0FD3-4292-A5D6-8B223A66801B}.Release|Any CPU.ActiveCfg = Release|Any CPU
		{AACFEC31-0FD3-4292-A5D6-8B223A66801B}.Release|Any CPU.Build.0 = Release|Any CPU
	EndGlobalSection
	GlobalSection(SolutionProperties) = preSolution
		HideSolutionNode = FALSE
	EndGlobalSection
	GlobalSection(ExtensibilityGlobals) = postSolution
		SolutionGuid = {9A9BA56B-9400-4484-B150-33AFEA9F7519}
	EndGlobalSection
EndGlobal
